
Microsoft Visual Studio Solution File, Format Version 12.00
# Visual Studio Version 17
VisualStudioVersion = 17.6.33723.286
MinimumVisualStudioVersion = 10.0.40219.1
Project("{FAE04EC0-301F-11D3-BF4B-00C04F79EFBC}") = "LINQ", "LINQ.csproj", "{0CFAB827-EC12-4F8D-80EE-ECF4DEACEF1E}"
EndProject
Global
	GlobalSection(SolutionConfigurationPlatforms) = preSolution
		Debug|Any CPU = Debug|Any CPU
		Release|Any CPU = Release|Any CPU
	EndGlobalSection
	GlobalSection(ProjectConfigurationPlatforms) = postSolution
		{0CFAB827-EC12-4F8D-80EE-ECF4DEACEF1E}.Debug|Any CPU.ActiveCfg = Debug|Any CPU
		{0CFAB827-EC12-4F8D-80EE-ECF4DEACEF1E}.Debug|Any CPU.Build.0 = Debug|Any CPU
		{0CFAB827-EC12-4F8D-80EE-ECF4DEACEF1E}.Release|Any CPU.ActiveCfg = Release|Any CPU
		{0CFAB827-EC12-4F8D-80EE-ECF4DEACEF1E}.Release|Any CPU.Build.0 = Release|Any CPU
	EndGlobalSection
	GlobalSection(SolutionProperties) = preSolution
		HideSolutionNode = FALSE
	EndGlobalSection
	GlobalSection(ExtensibilityGlobals) = postSolution
		SolutionGuid = {9BCA2F2C-534D-4C30-937E-AF19309DA8D7}
	EndGlobalSection
EndGlobal
